
Microsoft Visual Studio Solution File, Format Version 12.00
# Visual Studio 14
VisualStudioVersion = 14.0.25420.1
MinimumVisualStudioVersion = 10.0.40219.1
Project("{FAE04EC0-301F-11D3-BF4B-00C04F79EFBC}") = "App_con8", "App_con8\App_con8.csproj", "{7AD4BEB8-A33E-4CCC-9346-D28D11BD7118}"
EndProject
Project("{FAE04EC0-301F-11D3-BF4B-00C04F79EFBC}") = "UnitTestProjectThomas", "UnitTestProjectThomas\UnitTestProjectThomas.csproj", "{1FAC6793-FB8F-4A00-982A-8F46100A7353}"
EndProject
Global
	GlobalSection(SolutionConfigurationPlatforms) = preSolution
		Debug|Any CPU = Debug|Any CPU
		Release|Any CPU = Release|Any CPU
	EndGlobalSection
	GlobalSection(ProjectConfigurationPlatforms) = postSolution
		{7AD4BEB8-A33E-4CCC-9346-D28D11BD7118}.Debug|Any CPU.ActiveCfg = Debug|Any CPU
		{7AD4BEB8-A33E-4CCC-9346-D28D11BD7118}.Debug|Any CPU.Build.0 = Debug|Any CPU
		{7AD4BEB8-A33E-4CCC-9346-D28D11BD7118}.Release|Any CPU.ActiveCfg = Release|Any CPU
		{7AD4BEB8-A33E-4CCC-9346-D28D11BD7118}.Release|Any CPU.Build.0 = Release|Any CPU
		{1FAC6793-FB8F-4A00-982A-8F46100A7353}.Debug|Any CPU.ActiveCfg = Debug|Any CPU
		{1FAC6793-FB8F-4A00-982A-8F46100A7353}.Debug|Any CPU.Build.0 = Debug|Any CPU
		{1FAC6793-FB8F-4A00-982A-8F46100A7353}.Release|Any CPU.ActiveCfg = Release|Any CPU
		{1FAC6793-FB8F-4A00-982A-8F46100A7353}.Release|Any CPU.Build.0 = Release|Any CPU
	EndGlobalSection
	GlobalSection(SolutionProperties) = preSolution
		HideSolutionNode = FALSE
	EndGlobalSection
EndGlobal
